
Microsoft Visual Studio Solution File, Format Version 12.00
# Visual Studio 14
VisualStudioVersion = 14.0.25420.1
MinimumVisualStudioVersion = 10.0.40219.1
Project("{8BC9CEB8-8B4A-11D0-8D11-00A0C91BC942}") = "common", "common.vcxproj", "{528F3494-1C30-405F-9FDF-22FA4AFE54F4}"
EndProject
Project("{2150E333-8FDC-42A3-9474-1A3956D46DE8}") = "Solution Items", "Solution Items", "{C123AE6A-9541-41ED-BB81-C0D46EA847A5}"
	ProjectSection(SolutionItems) = preProject
		conanfile.txt = conanfile.txt
		include\config.h = include\config.h
		..\include\exits.h = ..\include\exits.h
		..\include\gai.h = ..\include\gai.h
		generate_conan.cmd = generate_conan.cmd
		..\include\hmac-md5.h = ..\include\hmac-md5.h
		makeinit.ps1 = makeinit.ps1
		..\include\md5.h = ..\include\md5.h
		..\include\prop.h = ..\include\prop.h
		README.md = README.md
		..\include\sasl.h = ..\include\sasl.h
		..\include\saslplug.h = ..\include\saslplug.h
		..\include\saslutil.h = ..\include\saslutil.h
	EndProjectSection
EndProject
Project("{8BC9CEB8-8B4A-11D0-8D11-00A0C91BC942}") = "plugin_gssapiv2", "plugin_gssapiv2.vcxproj", "{03AFF51B-3BBF-404C-ACE3-8ABCEE666A2E}"
EndProject
Global
	GlobalSection(SolutionConfigurationPlatforms) = preSolution
		Debug|x64 = Debug|x64
		Debug|x86 = Debug|x86
		Release|x64 = Release|x64
		Release|x86 = Release|x86
	EndGlobalSection
	GlobalSection(ProjectConfigurationPlatforms) = postSolution
		{528F3494-1C30-405F-9FDF-22FA4AFE54F4}.Debug|x64.ActiveCfg = Debug|x64
		{528F3494-1C30-405F-9FDF-22FA4AFE54F4}.Debug|x64.Build.0 = Debug|x64
		{528F3494-1C30-405F-9FDF-22FA4AFE54F4}.Debug|x86.ActiveCfg = Debug|Win32
		{528F3494-1C30-405F-9FDF-22FA4AFE54F4}.Debug|x86.Build.0 = Debug|Win32
		{528F3494-1C30-405F-9FDF-22FA4AFE54F4}.Release|x64.ActiveCfg = Release|x64
		{528F3494-1C30-405F-9FDF-22FA4AFE54F4}.Release|x64.Build.0 = Release|x64
		{528F3494-1C30-405F-9FDF-22FA4AFE54F4}.Release|x86.ActiveCfg = Release|Win32
		{528F3494-1C30-405F-9FDF-22FA4AFE54F4}.Release|x86.Build.0 = Release|Win32
		{03AFF51B-3BBF-404C-ACE3-8ABCEE666A2E}.Debug|x64.ActiveCfg = Debug|x64
		{03AFF51B-3BBF-404C-ACE3-8ABCEE666A2E}.Debug|x64.Build.0 = Debug|x64
		{03AFF51B-3BBF-404C-ACE3-8ABCEE666A2E}.Debug|x86.ActiveCfg = Debug|Win32
		{03AFF51B-3BBF-404C-ACE3-8ABCEE666A2E}.Debug|x86.Build.0 = Debug|Win32
		{03AFF51B-3BBF-404C-ACE3-8ABCEE666A2E}.Release|x64.ActiveCfg = Release|x64
		{03AFF51B-3BBF-404C-ACE3-8ABCEE666A2E}.Release|x64.Build.0 = Release|x64
		{03AFF51B-3BBF-404C-ACE3-8ABCEE666A2E}.Release|x86.ActiveCfg = Release|Win32
		{03AFF51B-3BBF-404C-ACE3-8ABCEE666A2E}.Release|x86.Build.0 = Release|Win32
	EndGlobalSection
	GlobalSection(SolutionProperties) = preSolution
		HideSolutionNode = FALSE
	EndGlobalSection
EndGlobal
