lockfileVersion: '9.0'

settings:
  autoInstallPeers: true
  excludeLinksFromLockfile: false

importers:
  .:
    devDependencies:
      '@rushstack/eslint-patch':
        specifier: ^1.10.3
        version: 1.10.4
      '@types/node':
        specifier: ^22.5.2
        version: 22.5.2
      stylelint:
        specifier: ^16.9.0
        version: 16.9.0(typescript@5.5.4)
      stylelint-config-recess-order:
        specifier: ^5.1.0
        version: 5.1.0(stylelint@16.9.0(typescript@5.5.4))
      stylelint-config-recommended-vue:
        specifier: ^1.5.0
        version: 1.5.0(postcss-html@1.7.0)(stylelint@16.9.0(typescript@5.5.4))
      stylelint-config-standard-scss:
        specifier: ^13.1.0
        version: 13.1.0(postcss@8.4.44)(stylelint@16.9.0(typescript@5.5.4))
      stylelint-scss:
        specifier: ^6.5.1
        version: 6.5.1(stylelint@16.9.0(typescript@5.5.4))
      typescript:
        specifier: ^5.5.4
        version: 5.5.4

packages:
  '@babel/code-frame@7.24.7':
    resolution:
      { integrity: sha512-BcYH1CVJBO9tvyIZ2jVeXgSIMvGZ2FDRvDdOIVQyuklNKSsx+eppDEBq/g47Ayw+RqNFE+URvOShmf+f/qwAlA== }
    engines: { node: '>=6.9.0' }

  '@babel/helper-validator-identifier@7.24.7':
    resolution:
      { integrity: sha512-rR+PBcQ1SMQDDyF6X0wxtG8QyLCgUB0eRAGguqRLfkCA87l7yAP7ehq8SNj96OOGTO8OBV70KhuFYcIkHXOg0w== }
    engines: { node: '>=6.9.0' }

  '@babel/highlight@7.24.7':
    resolution:
      { integrity: sha512-EStJpq4OuY8xYfhGVXngigBJRWxftKX9ksiGDnmlY3o7B/V7KIAc9X4oiK87uPJSc/vs5L869bem5fhZa8caZw== }
    engines: { node: '>=6.9.0' }

  '@csstools/css-parser-algorithms@3.0.1':
    resolution:
      { integrity: sha512-lSquqZCHxDfuTg/Sk2hiS0mcSFCEBuj49JfzPHJogDBT0mGCyY5A1AQzBWngitrp7i1/HAZpIgzF/VjhOEIJIg== }
    engines: { node: '>=18' }
    peerDependencies:
      '@csstools/css-tokenizer': ^3.0.1

  '@csstools/css-tokenizer@3.0.1':
    resolution:
      { integrity: sha512-UBqaiu7kU0lfvaP982/o3khfXccVlHPWp0/vwwiIgDF0GmqqqxoiXC/6FCjlS9u92f7CoEz6nXKQnrn1kIAkOw== }
    engines: { node: '>=18' }

  '@csstools/media-query-list-parser@3.0.1':
    resolution:
      { integrity: sha512-HNo8gGD02kHmcbX6PvCoUuOQvn4szyB9ca63vZHKX5A81QytgDG4oxG4IaEfHTlEZSZ6MjPEMWIVU+zF2PZcgw== }
    engines: { node: '>=18' }
    peerDependencies:
      '@csstools/css-parser-algorithms': ^3.0.1
      '@csstools/css-tokenizer': ^3.0.1

  '@csstools/selector-specificity@4.0.0':
    resolution:
      { integrity: sha512-189nelqtPd8++phaHNwYovKZI0FOzH1vQEE3QhHHkNIGrg5fSs9CbYP3RvfEH5geztnIA9Jwq91wyOIwAW5JIQ== }
    engines: { node: '>=18' }
    peerDependencies:
      postcss-selector-parser: ^6.1.0

  '@dual-bundle/import-meta-resolve@4.1.0':
    resolution:
      { integrity: sha512-+nxncfwHM5SgAtrVzgpzJOI1ol0PkumhVo469KCf9lUi21IGcY90G98VuHm9VRrUypmAzawAHO9bs6hqeADaVg== }

  '@nodelib/fs.scandir@2.1.5':
    resolution:
      { integrity: sha512-vq24Bq3ym5HEQm2NKCr3yXDwjc7vTsEThRDnkp2DK9p1uqLR+DHurm/NOTo0KG7HYHU7eppKZj3MyqYuMBf62g== }
    engines: { node: '>= 8' }

  '@nodelib/fs.stat@2.0.5':
    resolution:
      { integrity: sha512-RkhPPp2zrqDAQA/2jNhnztcPAlv64XdhIp7a7454A5ovI7Bukxgt7MX7udwAu3zg1DcpPU0rz3VV1SeaqvY4+A== }
    engines: { node: '>= 8' }

  '@nodelib/fs.walk@1.2.8':
    resolution:
      { integrity: sha512-oGB+UxlgWcgQkgwo8GcEGwemoTFt3FIO9ababBmaGwXIoBKZ+GTy0pP185beGg7Llih/NSHSV2XAs1lnznocSg== }
    engines: { node: '>= 8' }

  '@rushstack/eslint-patch@1.10.4':
    resolution:
      { integrity: sha512-WJgX9nzTqknM393q1QJDJmoW28kUfEnybeTfVNcNAPnIx210RXm2DiXiHzfNPJNIUUb1tJnz/l4QGtJ30PgWmA== }

  '@types/node@22.5.2':
    resolution:
      { integrity: sha512-acJsPTEqYqulZS/Yp/S3GgeE6GZ0qYODUR8aVr/DkhHQ8l9nd4j5x1/ZJy9/gHrRlFMqkO6i0I3E27Alu4jjPg== }

  ajv@8.17.1:
    resolution:
      { integrity: sha512-B/gBuNg5SiMTrPkC+A2+cW0RszwxYmn6VYxB/inlBStS5nx6xHIt/ehKRhIMhqusl7a8LjQoZnjCs5vhwxOQ1g== }

  ansi-regex@5.0.1:
    resolution:
      { integrity: sha512-quJQXlTSUGL2LH9SUXo8VwsY4soanhgo6LNSm84E1LBcE8s3O0wpdiRzyR9z/ZZJMlMWv37qOOb9pdJlMUEKFQ== }
    engines: { node: '>=8' }

  ansi-regex@6.0.1:
    resolution:
      { integrity: sha512-n5M855fKb2SsfMIiFFoVrABHJC8QtHwVx+mHWP3QcEqBHYienj5dHSgjbxtC0WEZXYt4wcD6zrQElDPhFuZgfA== }
    engines: { node: '>=12' }

  ansi-styles@3.2.1:
    resolution:
      { integrity: sha512-VT0ZI6kZRdTh8YyJw3SMbYm/u+NqfsAxEpWO0Pf9sq8/e94WxxOpPKx9FR1FlyCtOVDNOQ+8ntlqFxiRc+r5qA== }
    engines: { node: '>=4' }

  ansi-styles@4.3.0:
    resolution:
      { integrity: sha512-zbB9rCJAT1rbjiVDb2hqKFHNYLxgtk8NURxZ3IZwD3F6NtxbXZQCnnSi1Lkx+IDohdPlFp222wVALIheZJQSEg== }
    engines: { node: '>=8' }

  argparse@2.0.1:
    resolution:
      { integrity: sha512-8+9WqebbFzpX9OR+Wa6O29asIogeRMzcGtAINdpMHHyAg10f05aSFVBbcEqGf/PXw1EjAZ+q2/bEBg3DvurK3Q== }

  array-union@2.1.0:
    resolution:
      { integrity: sha512-HGyxoOTYUyCM6stUe6EJgnd4EoewAI7zMdfqO+kGjnlZmBDz/cR5pf8r/cR4Wq60sL/p0IkcjUEEPwS3GFrIyw== }
    engines: { node: '>=8' }

  astral-regex@2.0.0:
    resolution:
      { integrity: sha512-Z7tMw1ytTXt5jqMcOP+OQteU1VuNK9Y02uuJtKQ1Sv69jXQKKg5cibLwGJow8yzZP+eAc18EmLGPal0bp36rvQ== }
    engines: { node: '>=8' }

  balanced-match@2.0.0:
    resolution:
      { integrity: sha512-1ugUSr8BHXRnK23KfuYS+gVMC3LB8QGH9W1iGtDPsNWoQbgtXSExkBu2aDR4epiGWZOjZsj6lDl/N/AqqTC3UA== }

  braces@3.0.3:
    resolution:
      { integrity: sha512-yQbXgO/OSZVD2IsiLlro+7Hf6Q18EJrKSEsdoMzKePKXct3gvD8oLcOQdIzGupr5Fj+EDe8gO/lxc1BzfMpxvA== }
    engines: { node: '>=8' }

  callsites@3.1.0:
    resolution:
      { integrity: sha512-P8BjAsXvZS+VIDUI11hHCQEv74YT67YUi5JJFNWIqL235sBmjX4+qx9Muvls5ivyNENctx46xQLQ3aTuE7ssaQ== }
    engines: { node: '>=6' }

  chalk@2.4.2:
    resolution:
      { integrity: sha512-Mti+f9lpJNcwF4tWV8/OrTTtF1gZi+f8FqlyAdouralcFWFQWF2+NgCHShjkCb+IFBLq9buZwE1xckQU4peSuQ== }
    engines: { node: '>=4' }

  color-convert@1.9.3:
    resolution:
      { integrity: sha512-QfAUtd+vFdAtFQcC8CCyYt1fYWxSqAiK2cSD6zDB8N3cpsEBAvRxp9zOGg6G/SHHJYAT88/az/IuDGALsNVbGg== }

  color-convert@2.0.1:
    resolution:
      { integrity: sha512-RRECPsj7iu/xb5oKYcsFHSppFNnsj/52OVTRKb4zP5onXwVF3zVmmToNcOfGC+CRDpfK/U584fMg38ZHCaElKQ== }
    engines: { node: '>=7.0.0' }

  color-name@1.1.3:
    resolution:
      { integrity: sha512-72fSenhMw2HZMTVHeCA9KCmpEIbzWiQsjN+BHcBbS9vr1mtt+vJjPdksIBNUmKAW8TFUDPJK5SUU3QhE9NEXDw== }

  color-name@1.1.4:
    resolution:
      { integrity: sha512-dOy+3AuW3a2wNbZHIuMZpTcgjGuLU/uBL/ubcZF9OXbDo8ff4O8yVp5Bf0efS8uEoYo5q4Fx7dY9OgQGXgAsQA== }

  colord@2.9.3:
    resolution:
      { integrity: sha512-jeC1axXpnb0/2nn/Y1LPuLdgXBLH7aDcHu4KEKfqw3CUhX7ZpfBSlPKyqXE6btIgEzfWtrX3/tyBCaCvXvMkOw== }

  cosmiconfig@9.0.0:
    resolution:
      { integrity: sha512-itvL5h8RETACmOTFc4UfIyB2RfEHi71Ax6E/PivVxq9NseKbOWpeyHEOIbmAw1rs8Ak0VursQNww7lf7YtUwzg== }
    engines: { node: '>=14' }
    peerDependencies:
      typescript: '>=4.9.5'
    peerDependenciesMeta:
      typescript:
        optional: true

  css-functions-list@3.2.2:
    resolution:
      { integrity: sha512-c+N0v6wbKVxTu5gOBBFkr9BEdBWaqqjQeiJ8QvSRIJOf+UxlJh930m8e6/WNeODIK0mYLFkoONrnj16i2EcvfQ== }
    engines: { node: '>=12 || >=16' }

  css-tree@2.3.1:
    resolution:
      { integrity: sha512-6Fv1DV/TYw//QF5IzQdqsNDjx/wc8TrMBZsqjL9eW01tWb7R7k/mq+/VXfJCl7SoD5emsJop9cOByJZfs8hYIw== }
    engines: { node: ^10 || ^12.20.0 || ^14.13.0 || >=15.0.0 }

  cssesc@3.0.0:
    resolution:
      { integrity: sha512-/Tb/JcjK111nNScGob5MNtsntNM1aCNUDipB/TkwZFhyDrrE47SOx/18wF2bbjgc3ZzCSKW1T5nt5EbFoAz/Vg== }
    engines: { node: '>=4' }
    hasBin: true

  debug@4.3.6:
    resolution:
      { integrity: sha512-O/09Bd4Z1fBrU4VzkhFqVgpPzaGbw6Sm9FEkBT1A/YBXQFGuuSxa1dN2nxgxS34JmKXqYx8CZAwEVoJFImUXIg== }
    engines: { node: '>=6.0' }
    peerDependencies:
      supports-color: '*'
    peerDependenciesMeta:
      supports-color:
        optional: true

  dir-glob@3.0.1:
    resolution:
      { integrity: sha512-WkrWp9GR4KXfKGYzOLmTuGVi1UWFfws377n9cc55/tb6DuqyF6pcQ5AbiHEshaDpY9v6oaSr2XCDidGmMwdzIA== }
    engines: { node: '>=8' }

  dom-serializer@2.0.0:
    resolution:
      { integrity: sha512-wIkAryiqt/nV5EQKqQpo3SToSOV9J0DnbJqwK7Wv/Trc92zIAYZ4FlMu+JPFW1DfGFt81ZTCGgDEabffXeLyJg== }

  domelementtype@2.3.0:
    resolution:
      { integrity: sha512-OLETBj6w0OsagBwdXnPdN0cnMfF9opN69co+7ZrbfPGrdpPVNBUj02spi6B1N7wChLQiPn4CSH/zJvXw56gmHw== }

  domhandler@5.0.3:
    resolution:
      { integrity: sha512-cgwlv/1iFQiFnU96XXgROh8xTeetsnJiDsTc7TYCLFd9+/WNkIqPTxiM/8pSd8VIrhXGTf1Ny1q1hquVqDJB5w== }
    engines: { node: '>= 4' }

  domutils@3.1.0:
    resolution:
      { integrity: sha512-H78uMmQtI2AhgDJjWeQmHwJJ2bLPD3GMmO7Zja/ZZh84wkm+4ut+IUnUdRa8uCGX88DiVx1j6FRe1XfxEgjEZA== }

  emoji-regex@8.0.0:
    resolution:
      { integrity: sha512-MSjYzcWNOA0ewAHpz0MxpYFvwg6yjy1NG3xteoqz644VCo/RPgnr1/GGt+ic3iJTzQ8Eu3TdM14SawnVUmGE6A== }

  entities@4.5.0:
    resolution:
      { integrity: sha512-V0hjH4dGPh9Ao5p0MoRY6BVqtwCjhz6vI5LT8AJ55H+4g9/4vbHx1I54fS0XuclLhDHArPQCiMjDxjaL8fPxhw== }
    engines: { node: '>=0.12' }

  env-paths@2.2.1:
    resolution:
      { integrity: sha512-+h1lkLKhZMTYjog1VEpJNG7NZJWcuc2DDk/qsqSTRRCOXiLjeQ1d1/udrUGhqMxUgAlwKNZ0cf2uqan5GLuS2A== }
    engines: { node: '>=6' }

  error-ex@1.3.2:
    resolution:
      { integrity: sha512-7dFHNmqeFSEt2ZBsCriorKnn3Z2pj+fd9kmI6QoWw4//DL+icEBfc0U7qJCisqrTsKTjw4fNFy2pW9OqStD84g== }

  escape-string-regexp@1.0.5:
    resolution:
      { integrity: sha512-vbRorB5FUQWvla16U8R/qgaFIya2qGzwDrNmCZuYKrbdSUMG6I1ZCGQRefkRVhuOkIGVne7BQ35DSfo1qvJqFg== }
    engines: { node: '>=0.8.0' }

  fast-deep-equal@3.1.3:
    resolution:
      { integrity: sha512-f3qQ9oQy9j2AhBe/H9VC91wLmKBCCU/gDOnKNAYG5hswO7BLKj09Hc5HYNz9cGI++xlpDCIgDaitVs03ATR84Q== }

  fast-glob@3.3.2:
    resolution:
      { integrity: sha512-oX2ruAFQwf/Orj8m737Y5adxDQO0LAB7/S5MnxCdTNDd4p6BsyIVsv9JQsATbTSq8KHRpLwIHbVlUNatxd+1Ow== }
    engines: { node: '>=8.6.0' }

  fast-uri@3.0.1:
    resolution:
      { integrity: sha512-MWipKbbYiYI0UC7cl8m/i/IWTqfC8YXsqjzybjddLsFjStroQzsHXkc73JutMvBiXmOvapk+axIl79ig5t55Bw== }

  fastest-levenshtein@1.0.16:
    resolution:
      { integrity: sha512-eRnCtTTtGZFpQCwhJiUOuxPQWRXVKYDn0b2PeHfXL6/Zi53SLAzAHfVhVWK2AryC/WH05kGfxhFIPvTF0SXQzg== }
    engines: { node: '>= 4.9.1' }

  fastq@1.17.1:
    resolution:
      { integrity: sha512-sRVD3lWVIXWg6By68ZN7vho9a1pQcN/WBFaAAsDDFzlJjvoGx0P8z7V1t72grFJfJhu3YPZBuu25f7Kaw2jN1w== }

  file-entry-cache@9.1.0:
    resolution:
      { integrity: sha512-/pqPFG+FdxWQj+/WSuzXSDaNzxgTLr/OrR1QuqfEZzDakpdYE70PwUxL7BPUa8hpjbvY1+qvCl8k+8Tq34xJgg== }
    engines: { node: '>=18' }

  fill-range@7.1.1:
    resolution:
      { integrity: sha512-YsGpe3WHLK8ZYi4tWDg2Jy3ebRz2rXowDxnld4bkQB00cc/1Zw9AWnC0i9ztDJitivtQvaI9KaLyKrc+hBW0yg== }
    engines: { node: '>=8' }

  flat-cache@5.0.0:
    resolution:
      { integrity: sha512-JrqFmyUl2PnPi1OvLyTVHnQvwQ0S+e6lGSwu8OkAZlSaNIZciTY2H/cOOROxsBA1m/LZNHDsqAgDZt6akWcjsQ== }
    engines: { node: '>=18' }

  flatted@3.3.1:
    resolution:
      { integrity: sha512-X8cqMLLie7KsNUDSdzeN8FYK9rEt4Dt67OsG/DNGnYTSDBG4uFAJFBnUeiV+zCVAvwFy56IjM9sH51jVaEhNxw== }

  glob-parent@5.1.2:
    resolution:
      { integrity: sha512-AOIgSQCepiJYwP3ARnGx+5VnTu2HBYdzbGP45eLw1vr3zB3vZLeyed1sC9hnbcOc9/SrMyM5RPQrkGz4aS9Zow== }
    engines: { node: '>= 6' }

  global-modules@2.0.0:
    resolution:
      { integrity: sha512-NGbfmJBp9x8IxyJSd1P+otYK8vonoJactOogrVfFRIAEY1ukil8RSKDz2Yo7wh1oihl51l/r6W4epkeKJHqL8A== }
    engines: { node: '>=6' }

  global-prefix@3.0.0:
    resolution:
      { integrity: sha512-awConJSVCHVGND6x3tmMaKcQvwXLhjdkmomy2W+Goaui8YPgYgXJZewhg3fWC+DlfqqQuWg8AwqjGTD2nAPVWg== }
    engines: { node: '>=6' }

  globby@11.1.0:
    resolution:
      { integrity: sha512-jhIXaOzy1sb8IyocaruWSn1TjmnBVs8Ayhcy83rmxNJ8q2uWKCAj3CnJY+KpGSXCueAPc0i05kVvVKtP1t9S3g== }
    engines: { node: '>=10' }

  globjoin@0.1.4:
    resolution:
      { integrity: sha512-xYfnw62CKG8nLkZBfWbhWwDw02CHty86jfPcc2cr3ZfeuK9ysoVPPEUxf21bAD/rWAgk52SuBrLJlefNy8mvFg== }

  has-flag@3.0.0:
    resolution:
      { integrity: sha512-sKJf1+ceQBr4SMkvQnBDNDtf4TXpVhVGateu0t918bl30FnbE2m4vNLX+VWe/dpjlb+HugGYzW7uQXH98HPEYw== }
    engines: { node: '>=4' }

  has-flag@4.0.0:
    resolution:
      { integrity: sha512-EykJT/Q1KjTWctppgIAgfSO0tKVuZUjhgMr17kqTumMl6Afv3EISleU7qZUzoXDFTAHTDC4NOoG/ZxU3EvlMPQ== }
    engines: { node: '>=8' }

  html-tags@3.3.1:
    resolution:
      { integrity: sha512-ztqyC3kLto0e9WbNp0aeP+M3kTt+nbaIveGmUxAtZa+8iFgKLUOD4YKM5j+f3QD89bra7UeumolZHKuOXnTmeQ== }
    engines: { node: '>=8' }

  htmlparser2@8.0.2:
    resolution:
      { integrity: sha512-GYdjWKDkbRLkZ5geuHs5NY1puJ+PXwP7+fHPRz06Eirsb9ugf6d8kkXav6ADhcODhFFPMIXyxkxSuMf3D6NCFA== }

  ignore@5.3.2:
    resolution:
      { integrity: sha512-hsBTNUqQTDwkWtcdYI2i06Y/nUBEsNEDJKjWdigLvegy8kDuJAS8uRlpkkcQpyEXL0Z/pjDy5HBmMjRCJ2gq+g== }
    engines: { node: '>= 4' }

  import-fresh@3.3.0:
    resolution:
      { integrity: sha512-veYYhQa+D1QBKznvhUHxb8faxlrwUnxseDAbAp457E0wLNio2bOSKnjYDhMj+YiAq61xrMGhQk9iXVk5FzgQMw== }
    engines: { node: '>=6' }

  imurmurhash@0.1.4:
    resolution:
      { integrity: sha512-JmXMZ6wuvDmLiHEml9ykzqO6lwFbof0GG4IkcGaENdCRDDmMVnny7s5HsIgHCbaq0w2MyPhDqkhTUgS2LU2PHA== }
    engines: { node: '>=0.8.19' }

  ini@1.3.8:
    resolution:
      { integrity: sha512-JV/yugV2uzW5iMRSiZAyDtQd+nxtUnjeLt0acNdw98kKLrvuRVyB80tsREOE7yvGVgalhZ6RNXCmEHkUKBKxew== }

  is-arrayish@0.2.1:
    resolution:
      { integrity: sha512-zz06S8t0ozoDXMG+ube26zeCTNXcKIPJZJi8hBrF4idCLms4CG9QtK7qBl1boi5ODzFpjswb5JPmHCbMpjaYzg== }

  is-extglob@2.1.1:
    resolution:
      { integrity: sha512-SbKbANkN603Vi4jEZv49LeVJMn4yGwsbzZworEoyEiutsN3nJYdbO36zfhGJ6QEDpOZIFkDtnq5JRxmvl3jsoQ== }
    engines: { node: '>=0.10.0' }

  is-fullwidth-code-point@3.0.0:
    resolution:
      { integrity: sha512-zymm5+u+sCsSWyD9qNaejV3DFvhCKclKdizYaJUuHA83RLjb7nSuGnddCHGv0hk+KY7BMAlsWeK4Ueg6EV6XQg== }
    engines: { node: '>=8' }

  is-glob@4.0.3:
    resolution:
      { integrity: sha512-xelSayHH36ZgE7ZWhli7pW34hNbNl8Ojv5KVmkJD4hBdD3th8Tfk9vYasLM+mXWOZhFkgZfxhLSnrwRr4elSSg== }
    engines: { node: '>=0.10.0' }

  is-number@7.0.0:
    resolution:
      { integrity: sha512-41Cifkg6e8TylSpdtTpeLVMqvSBEVzTttHvERD741+pnZ8ANv0004MRL43QKPDlK9cGvNp6NZWZUBlbGXYxxng== }
    engines: { node: '>=0.12.0' }

  is-plain-object@5.0.0:
    resolution:
      { integrity: sha512-VRSzKkbMm5jMDoKLbltAkFQ5Qr7VDiTFGXxYFXXowVj387GeGNOCsOH6Msy00SGZ3Fp84b1Naa1psqgcCIEP5Q== }
    engines: { node: '>=0.10.0' }

  isexe@2.0.0:
    resolution:
      { integrity: sha512-RHxMLp9lnKHGHRng9QFhRCMbYAcVpn69smSGcq3f36xjgVVWThj4qqLbTLlq7Ssj8B+fIQ1EuCEGI2lKsyQeIw== }

  js-tokens@4.0.0:
    resolution:
      { integrity: sha512-RdJUflcE3cUzKiMqQgsCu06FPu9UdIJO0beYbPhHN4k6apgJtifcoCtT9bcxOpYBtpD2kCM6Sbzg4CausW/PKQ== }

  js-tokens@9.0.0:
    resolution:
      { integrity: sha512-WriZw1luRMlmV3LGJaR6QOJjWwgLUTf89OwT2lUOyjX2dJGBwgmIkbcz+7WFZjrZM635JOIR517++e/67CP9dQ== }

  js-yaml@4.1.0:
    resolution:
      { integrity: sha512-wpxZs9NoxZaJESJGIZTyDEaYpl0FKSA+FB9aJiyemKhMwkxQg63h4T1KJgUGHpTqPDNRcmmYLugrRjJlBtWvRA== }
    hasBin: true

  json-buffer@3.0.1:
    resolution:
      { integrity: sha512-4bV5BfR2mqfQTJm+V5tPPdf+ZpuhiIvTuAB5g8kcrXOZpTT/QwwVRWBywX1ozr6lEuPdbHxwaJlm9G6mI2sfSQ== }

  json-parse-even-better-errors@2.3.1:
    resolution:
      { integrity: sha512-xyFwyhro/JEof6Ghe2iz2NcXoj2sloNsWr/XsERDK/oiPCfaNhl5ONfp+jQdAZRQQ0IJWNzH9zIZF7li91kh2w== }

  json-schema-traverse@1.0.0:
    resolution:
      { integrity: sha512-NM8/P9n3XjXhIZn1lLhkFaACTOURQXjWhV4BA/RnOv8xvgqtqpAX9IO4mRQxSx1Rlo4tqzeqb0sOlruaOy3dug== }

  keyv@4.5.4:
    resolution:
      { integrity: sha512-oxVHkHR/EJf2CNXnWxRLW6mg7JyCCUcG0DtEGmL2ctUo1PNTin1PUil+r/+4r5MpVgC/fn1kjsx7mjSujKqIpw== }

  kind-of@6.0.3:
    resolution:
      { integrity: sha512-dcS1ul+9tmeD95T+x28/ehLgd9mENa3LsvDTtzm3vyBEO7RPptvAD+t44WVXaUjTBRcrpFeFlC8WCruUR456hw== }
    engines: { node: '>=0.10.0' }

  known-css-properties@0.34.0:
    resolution:
      { integrity: sha512-tBECoUqNFbyAY4RrbqsBQqDFpGXAEbdD5QKr8kACx3+rnArmuuR22nKQWKazvp07N9yjTyDZaw/20UIH8tL9DQ== }

  lines-and-columns@1.2.4:
    resolution:
      { integrity: sha512-7ylylesZQ/PV29jhEDl3Ufjo6ZX7gCqJr5F7PKrqc93v7fzSymt1BpwEU8nAUXs8qzzvqhbjhK5QZg6Mt/HkBg== }

  lodash.truncate@4.4.2:
    resolution:
      { integrity: sha512-jttmRe7bRse52OsWIMDLaXxWqRAmtIUccAQ3garviCqJjafXOfNMO0yMfNpdD6zbGaTU0P5Nz7e7gAT6cKmJRw== }

  mathml-tag-names@2.1.3:
    resolution:
      { integrity: sha512-APMBEanjybaPzUrfqU0IMU5I0AswKMH7k8OTLs0vvV4KZpExkTkY87nR/zpbuTPj+gARop7aGUbl11pnDfW6xg== }

  mdn-data@2.0.30:
    resolution:
      { integrity: sha512-GaqWWShW4kv/G9IEucWScBx9G1/vsFZZJUO+tD26M8J8z3Kw5RDQjaoZe03YAClgeS/SWPOcb4nkFBTEi5DUEA== }

  meow@13.2.0:
    resolution:
      { integrity: sha512-pxQJQzB6djGPXh08dacEloMFopsOqGVRKFPYvPOt9XDZ1HasbgDZA74CJGreSU4G3Ak7EFJGoiH2auq+yXISgA== }
    engines: { node: '>=18' }

  merge2@1.4.1:
    resolution:
      { integrity: sha512-8q7VEgMJW4J8tcfVPy8g09NcQwZdbwFEqhe/WZkoIzjn/3TGDwtOCYtXGxA3O8tPzpczCCDgv+P2P5y00ZJOOg== }
    engines: { node: '>= 8' }

  micromatch@4.0.8:
    resolution:
      { integrity: sha512-PXwfBhYu0hBCPw8Dn0E+WDYb7af3dSLVWKi3HGv84IdF4TyFoC0ysxFd0Goxw7nSv4T/PzEJQxsYsEiFCKo2BA== }
    engines: { node: '>=8.6' }

  ms@2.1.2:
    resolution:
      { integrity: sha512-sGkPx+VjMtmA6MX27oA4FBFELFCZZ4S4XqeGOXCv68tT+jb3vk/RyaKWP0PTKyWtmLSM0b+adUTEvbs1PEaH2w== }

  nanoid@3.3.7:
    resolution:
      { integrity: sha512-eSRppjcPIatRIMC1U6UngP8XFcz8MQWGQdt1MTBQ7NaAmvXDfvNxbvWV3x2y6CdEUciCSsDHDQZbhYaB8QEo2g== }
    engines: { node: ^10 || ^12 || ^13.7 || ^14 || >=15.0.1 }
    hasBin: true

  normalize-path@3.0.0:
    resolution:
      { integrity: sha512-6eZs5Ls3WtCisHWp9S2GUy8dqkpGi4BVSz3GaqiE6ezub0512ESztXUwUB6C6IKbQkY2Pnb/mD4WYojCRwcwLA== }
    engines: { node: '>=0.10.0' }

  parent-module@1.0.1:
    resolution:
      { integrity: sha512-GQ2EWRpQV8/o+Aw8YqtfZZPfNRWZYkbidE9k5rpl/hC3vtHHBfGm2Ifi6qWV+coDGkrUKZAxE3Lot5kcsRlh+g== }
    engines: { node: '>=6' }

  parse-json@5.2.0:
    resolution:
      { integrity: sha512-ayCKvm/phCGxOkYRSCM82iDwct8/EonSEgCSxWxD7ve6jHggsFl4fZVQBPRNgQoKiuV/odhFrGzQXZwbifC8Rg== }
    engines: { node: '>=8' }

  path-type@4.0.0:
    resolution:
      { integrity: sha512-gDKb8aZMDeD/tZWs9P6+q0J9Mwkdl6xMV8TjnGP3qJVJ06bdMgkbBlLU8IdfOsIsFz2BW1rNVT3XuNEl8zPAvw== }
    engines: { node: '>=8' }

  picocolors@1.1.0:
    resolution:
      { integrity: sha512-TQ92mBOW0l3LeMeyLV6mzy/kWr8lkd/hp3mTg7wYK7zJhuBStmGMBG0BdeDZS/dZx1IukaX6Bk11zcln25o1Aw== }

  picomatch@2.3.1:
    resolution:
      { integrity: sha512-JU3teHTNjmE2VCGFzuY8EXzCDVwEqB2a8fsIvwaStHhAWJEeVd1o1QD80CU6+ZdEXXSLbSsuLwJjkCBWqRQUVA== }
    engines: { node: '>=8.6' }

  postcss-html@1.7.0:
    resolution:
      { integrity: sha512-MfcMpSUIaR/nNgeVS8AyvyDugXlADjN9AcV7e5rDfrF1wduIAGSkL4q2+wgrZgA3sHVAHLDO9FuauHhZYW2nBw== }
    engines: { node: ^12 || >=14 }

  postcss-media-query-parser@0.2.3:
    resolution:
      { integrity: sha512-3sOlxmbKcSHMjlUXQZKQ06jOswE7oVkXPxmZdoB1r5l0q6gTFTQSHxNxOrCccElbW7dxNytifNEo8qidX2Vsig== }

  postcss-resolve-nested-selector@0.1.6:
    resolution:
      { integrity: sha512-0sglIs9Wmkzbr8lQwEyIzlDOOC9bGmfVKcJTaxv3vMmd3uo4o4DerC3En0bnmgceeql9BfC8hRkp7cg0fjdVqw== }

  postcss-safe-parser@6.0.0:
    resolution:
      { integrity: sha512-FARHN8pwH+WiS2OPCxJI8FuRJpTVnn6ZNFiqAM2aeW2LwTHWWmWgIyKC6cUo0L8aeKiF/14MNvnpls6R2PBeMQ== }
    engines: { node: '>=12.0' }
    peerDependencies:
      postcss: ^8.3.3

  postcss-safe-parser@7.0.0:
    resolution:
      { integrity: sha512-ovehqRNVCpuFzbXoTb4qLtyzK3xn3t/CUBxOs8LsnQjQrShaB4lKiHoVqY8ANaC0hBMHq5QVWk77rwGklFUDrg== }
    engines: { node: '>=18.0' }
    peerDependencies:
      postcss: ^8.4.31

  postcss-scss@4.0.9:
    resolution:
      { integrity: sha512-AjKOeiwAitL/MXxQW2DliT28EKukvvbEWx3LBmJIRN8KfBGZbRTxNYW0kSqi1COiTZ57nZ9NW06S6ux//N1c9A== }
    engines: { node: '>=12.0' }
    peerDependencies:
      postcss: ^8.4.29

  postcss-selector-parser@6.1.2:
    resolution:
      { integrity: sha512-Q8qQfPiZ+THO/3ZrOrO0cJJKfpYCagtMUkXbnEfmgUjwXg6z/WBeOyS9APBBPCTSiDV+s4SwQGu8yFsiMRIudg== }
    engines: { node: '>=4' }

  postcss-sorting@8.0.2:
    resolution:
      { integrity: sha512-M9dkSrmU00t/jK7rF6BZSZauA5MAaBW4i5EnJXspMwt4iqTh/L9j6fgMnbElEOfyRyfLfVbIHj/R52zHzAPe1Q== }
    peerDependencies:
      postcss: ^8.4.20

  postcss-value-parser@4.2.0:
    resolution:
      { integrity: sha512-1NNCs6uurfkVbeXG4S8JFT9t19m45ICnif8zWLd5oPSZ50QnwMfK+H3jv408d4jw/7Bttv5axS5IiHoLaVNHeQ== }

  postcss@8.4.44:
    resolution:
      { integrity: sha512-Aweb9unOEpQ3ezu4Q00DPvvM2ZTUitJdNKeP/+uQgr1IBIqu574IaZoURId7BKtWMREwzKa9OgzPzezWGPWFQw== }
    engines: { node: ^10 || ^12 || >=14 }

  queue-microtask@1.2.3:
    resolution:
      { integrity: sha512-NuaNSa6flKT5JaSYQzJok04JzTL1CA6aGhv5rfLW3PgqA+M2ChpZQnAC8h8i4ZFkBS8X5RqkDBHA7r4hej3K9A== }

  require-from-string@2.0.2:
    resolution:
      { integrity: sha512-Xf0nWe6RseziFMu+Ap9biiUbmplq6S9/p+7w7YXP/JBHhrUDDUhwa+vANyubuqfZWTveU//DYVGsDG7RKL/vEw== }
    engines: { node: '>=0.10.0' }

  resolve-from@4.0.0:
    resolution:
      { integrity: sha512-pb/MYmXstAkysRFx8piNI1tGFNQIFA3vkE3Gq4EuA1dF6gHp/+vgZqsCGJapvy8N3Q+4o7FwvquPJcnZ7RYy4g== }
    engines: { node: '>=4' }

  resolve-from@5.0.0:
    resolution:
      { integrity: sha512-qYg9KP24dD5qka9J47d0aVky0N+b4fTU89LN9iDnjB5waksiC49rvMB0PrUJQGoTmH50XPiqOvAjDfaijGxYZw== }
    engines: { node: '>=8' }

  reusify@1.0.4:
    resolution:
      { integrity: sha512-U9nH88a3fc/ekCF1l0/UP1IosiuIjyTh7hBvXVMHYgVcfGvt897Xguj2UOLDeI5BG2m7/uwyaLVT6fbtCwTyzw== }
    engines: { iojs: '>=1.0.0', node: '>=0.10.0' }

  run-parallel@1.2.0:
    resolution:
      { integrity: sha512-5l4VyZR86LZ/lDxZTR6jqL8AFE2S0IFLMP26AbjsLVADxHdhB/c0GUsH+y39UfCi3dzz8OlQuPmnaJOMoDHQBA== }

  semver@7.6.3:
    resolution:
      { integrity: sha512-oVekP1cKtI+CTDvHWYFUcMtsK/00wmAEfyqKfNdARm8u1wNVhSgaX7A8d4UuIlUI5e84iEwOhs7ZPYRmzU9U6A== }
    engines: { node: '>=10' }
    hasBin: true

  signal-exit@4.1.0:
    resolution:
      { integrity: sha512-bzyZ1e88w9O1iNJbKnOlvYTrWPDl46O1bG0D3XInv+9tkPrxrN8jUUTiFlDkkmKWgn1M6CfIA13SuGqOa9Korw== }
    engines: { node: '>=14' }

  slash@3.0.0:
    resolution:
      { integrity: sha512-g9Q1haeby36OSStwb4ntCGGGaKsaVSjQ68fBxoQcutl5fS1vuY18H3wSt3jFyFtrkx+Kz0V1G85A4MyAdDMi2Q== }
    engines: { node: '>=8' }

  slice-ansi@4.0.0:
    resolution:
      { integrity: sha512-qMCMfhY040cVHT43K9BFygqYbUPFZKHOg7K73mtTWJRb8pyP3fzf4Ixd5SzdEJQ6MRUg/WBnOLxghZtKKurENQ== }
    engines: { node: '>=10' }

  source-map-js@1.2.0:
    resolution:
      { integrity: sha512-itJW8lvSA0TXEphiRoawsCksnlf8SyvmFzIhltqAHluXd88pkCd+cXJVHTDwdCr0IzwptSm035IHQktUu1QUMg== }
    engines: { node: '>=0.10.0' }

  string-width@4.2.3:
    resolution:
      { integrity: sha512-wKyQRQpjJ0sIp62ErSZdGsjMJWsap5oRNihHhu6G7JVO/9jIB6UyevL+tXuOqrng8j/cxKTWyWUwvSTriiZz/g== }
    engines: { node: '>=8' }

  strip-ansi@6.0.1:
    resolution:
      { integrity: sha512-Y38VPSHcqkFrCpFnQ9vuSXmquuv5oXOKpGeT6aGrr3o3Gc9AlVa6JBfUSOCnbxGGZF+/0ooI7KrPuUSztUdU5A== }
    engines: { node: '>=8' }

  strip-ansi@7.1.0:
    resolution:
      { integrity: sha512-iq6eVVI64nQQTRYq2KtEg2d2uU7LElhTJwsH4YzIHZshxlgZms/wIc4VoDQTlG/IvVIrBKG06CrZnp0qv7hkcQ== }
    engines: { node: '>=12' }

  stylelint-config-html@1.1.0:
    resolution:
      { integrity: sha512-IZv4IVESjKLumUGi+HWeb7skgO6/g4VMuAYrJdlqQFndgbj6WJAXPhaysvBiXefX79upBdQVumgYcdd17gCpjQ== }
    engines: { node: ^12 || >=14 }
    peerDependencies:
      postcss-html: ^1.0.0
      stylelint: '>=14.0.0'

  stylelint-config-recess-order@5.1.0:
    resolution:
      { integrity: sha512-ddapCF6B/kEtQYIFhQFReQ0dvK1ZdgJDM/SGFtIyeooYDbqaJqcOlGkRRGaVErCQYJY/bPSPsLRS2LdQtLJUVQ== }
    peerDependencies:
      stylelint: '>=16'

  stylelint-config-recommended-scss@14.1.0:
    resolution:
      { integrity: sha512-bhaMhh1u5dQqSsf6ri2GVWWQW5iUjBYgcHkh7SgDDn92ijoItC/cfO/W+fpXshgTQWhwFkP1rVcewcv4jaftRg== }
    engines: { node: '>=18.12.0' }
    peerDependencies:
      postcss: ^8.3.3
      stylelint: ^16.6.1
    peerDependenciesMeta:
      postcss:
        optional: true

  stylelint-config-recommended-vue@1.5.0:
    resolution:
      { integrity: sha512-65TAK/clUqkNtkZLcuytoxU0URQYlml+30Nhop7sRkCZ/mtWdXt7T+spPSB3KMKlb+82aEVJ4OrcstyDBdbosg== }
    engines: { node: ^12 || >=14 }
    peerDependencies:
      postcss-html: ^1.0.0
      stylelint: '>=14.0.0'

  stylelint-config-recommended@14.0.1:
    resolution:
      { integrity: sha512-bLvc1WOz/14aPImu/cufKAZYfXs/A/owZfSMZ4N+16WGXLoX5lOir53M6odBxvhgmgdxCVnNySJmZKx73T93cg== }
    engines: { node: '>=18.12.0' }
    peerDependencies:
      stylelint: ^16.1.0

  stylelint-config-standard-scss@13.1.0:
    resolution:
      { integrity: sha512-Eo5w7/XvwGHWkeGLtdm2FZLOMYoZl1omP2/jgFCXyl2x5yNz7/8vv4Tj6slHvMSSUNTaGoam/GAZ0ZhukvalfA== }
    engines: { node: '>=18.12.0' }
    peerDependencies:
      postcss: ^8.3.3
      stylelint: ^16.3.1
    peerDependenciesMeta:
      postcss:
        optional: true

  stylelint-config-standard@36.0.1:
    resolution:
      { integrity: sha512-8aX8mTzJ6cuO8mmD5yon61CWuIM4UD8Q5aBcWKGSf6kg+EC3uhB+iOywpTK4ca6ZL7B49en8yanOFtUW0qNzyw== }
    engines: { node: '>=18.12.0' }
    peerDependencies:
      stylelint: ^16.1.0

  stylelint-order@6.0.4:
    resolution:
      { integrity: sha512-0UuKo4+s1hgQ/uAxlYU4h0o0HS4NiQDud0NAUNI0aa8FJdmYHA5ZZTFHiV5FpmE3071e9pZx5j0QpVJW5zOCUA== }
    peerDependencies:
      stylelint: ^14.0.0 || ^15.0.0 || ^16.0.1

  stylelint-scss@6.5.1:
    resolution:
      { integrity: sha512-ZLqdqihm6uDYkrsOeD6YWb+stZI8Wn92kUNDhE4M+g9g1aCnRv0JlOrttFiAJJwaNzpdQgX3YJb5vDQXVuO9Ww== }
    engines: { node: '>=18.12.0' }
    peerDependencies:
      stylelint: ^16.0.2

  stylelint@16.9.0:
    resolution:
      { integrity: sha512-31Nm3WjxGOBGpQqF43o3wO9L5AC36TPIe6030Lnm13H3vDMTcS21DrLh69bMX+DBilKqMMVLian4iG6ybBoNRQ== }
    engines: { node: '>=18.12.0' }
    hasBin: true

  supports-color@5.5.0:
    resolution:
      { integrity: sha512-QjVjwdXIt408MIiAqCX4oUKsgU2EqAGzs2Ppkm4aQYbjm+ZEWEcW4SfFNTr4uMNZma0ey4f5lgLrkB0aX0QMow== }
    engines: { node: '>=4' }

  supports-color@7.2.0:
    resolution:
      { integrity: sha512-qpCAvRl9stuOHveKsn7HncJRvv501qIacKzQlO/+Lwxc9+0q2wLyv4Dfvt80/DPn2pqOBsJdDiogXGR9+OvwRw== }
    engines: { node: '>=8' }

  supports-hyperlinks@3.1.0:
    resolution:
      { integrity: sha512-2rn0BZ+/f7puLOHZm1HOJfwBggfaHXUpPUSSG/SWM4TWp5KCfmNYwnC3hruy2rZlMnmWZ+QAGpZfchu3f3695A== }
    engines: { node: '>=14.18' }

  svg-tags@1.0.0:
    resolution:
      { integrity: sha512-ovssysQTa+luh7A5Weu3Rta6FJlFBBbInjOh722LIt6klpU2/HtdUbszju/G4devcvk8PGt7FCLv5wftu3THUA== }

  table@6.8.2:
    resolution:
      { integrity: sha512-w2sfv80nrAh2VCbqR5AK27wswXhqcck2AhfnNW76beQXskGZ1V12GwS//yYVa3d3fcvAip2OUnbDAjW2k3v9fA== }
    engines: { node: '>=10.0.0' }

  to-regex-range@5.0.1:
    resolution:
      { integrity: sha512-65P7iz6X5yEr1cwcgvQxbbIw7Uk3gOy5dIdtZ4rDveLqhrdJP+Li/Hx6tyK0NEb+2GCyneCMJiGqrADCSNk8sQ== }
    engines: { node: '>=8.0' }

  typescript@5.5.4:
    resolution:
      { integrity: sha512-Mtq29sKDAEYP7aljRgtPOpTvOfbwRWlS6dPRzwjdE+C0R4brX/GUyhHSecbHMFLNBLcJIPt9nl9yG5TZ1weH+Q== }
    engines: { node: '>=14.17' }
    hasBin: true

  undici-types@6.19.8:
    resolution:
      { integrity: sha512-ve2KP6f/JnbPBFyobGHuerC9g1FYGn/F8n1LWTwNxCEzd6IfqTwUQcNXgEtmmQ6DlRrC1hrSrBnCZPokRrDHjw== }

  util-deprecate@1.0.2:
    resolution:
      { integrity: sha512-EPD5q1uXyFxJpCrLnCc1nHnq3gOa6DZBocAIiI2TaSCA7VCJ1UJDMagCzIkXNsUYfD1daK//LTEQ8xiIbrHtcw== }

  which@1.3.1:
    resolution:
      { integrity: sha512-HxJdYWq1MTIQbJ3nw0cqssHoTNU267KlrDuGZ1WYlxDStUtKUhOaJmh112/TZmHxxUfuJqPXSOm7tDyas0OSIQ== }
    hasBin: true

  write-file-atomic@5.0.1:
    resolution:
      { integrity: sha512-+QU2zd6OTD8XWIJCbffaiQeH9U73qIqafo1x6V1snCWYGJf6cVE0cDR4D8xRzcEnfI21IFrUPzPGtcPf8AC+Rw== }
    engines: { node: ^14.17.0 || ^16.13.0 || >=18.0.0 }

snapshots:
  '@babel/code-frame@7.24.7':
    dependencies:
      '@babel/highlight': 7.24.7
      picocolors: 1.1.0

  '@babel/helper-validator-identifier@7.24.7': {}

  '@babel/highlight@7.24.7':
    dependencies:
      '@babel/helper-validator-identifier': 7.24.7
      chalk: 2.4.2
      js-tokens: 4.0.0
      picocolors: 1.1.0

  '@csstools/css-parser-algorithms@3.0.1(@csstools/css-tokenizer@3.0.1)':
    dependencies:
      '@csstools/css-tokenizer': 3.0.1

  '@csstools/css-tokenizer@3.0.1': {}

  '@csstools/media-query-list-parser@3.0.1(@csstools/css-parser-algorithms@3.0.1(@csstools/css-tokenizer@3.0.1))(@csstools/css-tokenizer@3.0.1)':
    dependencies:
      '@csstools/css-parser-algorithms': 3.0.1(@csstools/css-tokenizer@3.0.1)
      '@csstools/css-tokenizer': 3.0.1

  '@csstools/selector-specificity@4.0.0(postcss-selector-parser@6.1.2)':
    dependencies:
      postcss-selector-parser: 6.1.2

  '@dual-bundle/import-meta-resolve@4.1.0': {}

  '@nodelib/fs.scandir@2.1.5':
    dependencies:
      '@nodelib/fs.stat': 2.0.5
      run-parallel: 1.2.0

  '@nodelib/fs.stat@2.0.5': {}

  '@nodelib/fs.walk@1.2.8':
    dependencies:
      '@nodelib/fs.scandir': 2.1.5
      fastq: 1.17.1

  '@rushstack/eslint-patch@1.10.4': {}

  '@types/node@22.5.2':
    dependencies:
      undici-types: 6.19.8

  ajv@8.17.1:
    dependencies:
      fast-deep-equal: 3.1.3
      fast-uri: 3.0.1
      json-schema-traverse: 1.0.0
      require-from-string: 2.0.2

  ansi-regex@5.0.1: {}

  ansi-regex@6.0.1: {}

  ansi-styles@3.2.1:
    dependencies:
      color-convert: 1.9.3

  ansi-styles@4.3.0:
    dependencies:
      color-convert: 2.0.1

  argparse@2.0.1: {}

  array-union@2.1.0: {}

  astral-regex@2.0.0: {}

  balanced-match@2.0.0: {}

  braces@3.0.3:
    dependencies:
      fill-range: 7.1.1

  callsites@3.1.0: {}

  chalk@2.4.2:
    dependencies:
      ansi-styles: 3.2.1
      escape-string-regexp: 1.0.5
      supports-color: 5.5.0

  color-convert@1.9.3:
    dependencies:
      color-name: 1.1.3

  color-convert@2.0.1:
    dependencies:
      color-name: 1.1.4

  color-name@1.1.3: {}

  color-name@1.1.4: {}

  colord@2.9.3: {}

  cosmiconfig@9.0.0(typescript@5.5.4):
    dependencies:
      env-paths: 2.2.1
      import-fresh: 3.3.0
      js-yaml: 4.1.0
      parse-json: 5.2.0
    optionalDependencies:
      typescript: 5.5.4

  css-functions-list@3.2.2: {}

  css-tree@2.3.1:
    dependencies:
      mdn-data: 2.0.30
      source-map-js: 1.2.0

  cssesc@3.0.0: {}

  debug@4.3.6:
    dependencies:
      ms: 2.1.2

  dir-glob@3.0.1:
    dependencies:
      path-type: 4.0.0

  dom-serializer@2.0.0:
    dependencies:
      domelementtype: 2.3.0
      domhandler: 5.0.3
      entities: 4.5.0

  domelementtype@2.3.0: {}

  domhandler@5.0.3:
    dependencies:
      domelementtype: 2.3.0

  domutils@3.1.0:
    dependencies:
      dom-serializer: 2.0.0
      domelementtype: 2.3.0
      domhandler: 5.0.3

  emoji-regex@8.0.0: {}

  entities@4.5.0: {}

  env-paths@2.2.1: {}

  error-ex@1.3.2:
    dependencies:
      is-arrayish: 0.2.1

  escape-string-regexp@1.0.5: {}

  fast-deep-equal@3.1.3: {}

  fast-glob@3.3.2:
    dependencies:
      '@nodelib/fs.stat': 2.0.5
      '@nodelib/fs.walk': 1.2.8
      glob-parent: 5.1.2
      merge2: 1.4.1
      micromatch: 4.0.8

  fast-uri@3.0.1: {}

  fastest-levenshtein@1.0.16: {}

  fastq@1.17.1:
    dependencies:
      reusify: 1.0.4

  file-entry-cache@9.1.0:
    dependencies:
      flat-cache: 5.0.0

  fill-range@7.1.1:
    dependencies:
      to-regex-range: 5.0.1

  flat-cache@5.0.0:
    dependencies:
      flatted: 3.3.1
      keyv: 4.5.4

  flatted@3.3.1: {}

  glob-parent@5.1.2:
    dependencies:
      is-glob: 4.0.3

  global-modules@2.0.0:
    dependencies:
      global-prefix: 3.0.0

  global-prefix@3.0.0:
    dependencies:
      ini: 1.3.8
      kind-of: 6.0.3
      which: 1.3.1

  globby@11.1.0:
    dependencies:
      array-union: 2.1.0
      dir-glob: 3.0.1
      fast-glob: 3.3.2
      ignore: 5.3.2
      merge2: 1.4.1
      slash: 3.0.0

  globjoin@0.1.4: {}

  has-flag@3.0.0: {}

  has-flag@4.0.0: {}

  html-tags@3.3.1: {}

  htmlparser2@8.0.2:
    dependencies:
      domelementtype: 2.3.0
      domhandler: 5.0.3
      domutils: 3.1.0
      entities: 4.5.0

  ignore@5.3.2: {}

  import-fresh@3.3.0:
    dependencies:
      parent-module: 1.0.1
      resolve-from: 4.0.0

  imurmurhash@0.1.4: {}

  ini@1.3.8: {}

  is-arrayish@0.2.1: {}

  is-extglob@2.1.1: {}

  is-fullwidth-code-point@3.0.0: {}

  is-glob@4.0.3:
    dependencies:
      is-extglob: 2.1.1

  is-number@7.0.0: {}

  is-plain-object@5.0.0: {}

  isexe@2.0.0: {}

  js-tokens@4.0.0: {}

  js-tokens@9.0.0: {}

  js-yaml@4.1.0:
    dependencies:
      argparse: 2.0.1

  json-buffer@3.0.1: {}

  json-parse-even-better-errors@2.3.1: {}

  json-schema-traverse@1.0.0: {}

  keyv@4.5.4:
    dependencies:
      json-buffer: 3.0.1

  kind-of@6.0.3: {}

  known-css-properties@0.34.0: {}

  lines-and-columns@1.2.4: {}

  lodash.truncate@4.4.2: {}

  mathml-tag-names@2.1.3: {}

  mdn-data@2.0.30: {}

  meow@13.2.0: {}

  merge2@1.4.1: {}

  micromatch@4.0.8:
    dependencies:
      braces: 3.0.3
      picomatch: 2.3.1

  ms@2.1.2: {}

  nanoid@3.3.7: {}

  normalize-path@3.0.0: {}

  parent-module@1.0.1:
    dependencies:
      callsites: 3.1.0

  parse-json@5.2.0:
    dependencies:
      '@babel/code-frame': 7.24.7
      error-ex: 1.3.2
      json-parse-even-better-errors: 2.3.1
      lines-and-columns: 1.2.4

  path-type@4.0.0: {}

  picocolors@1.1.0: {}

  picomatch@2.3.1: {}

  postcss-html@1.7.0:
    dependencies:
      htmlparser2: 8.0.2
      js-tokens: 9.0.0
      postcss: 8.4.44
      postcss-safe-parser: 6.0.0(postcss@8.4.44)

  postcss-media-query-parser@0.2.3: {}

  postcss-resolve-nested-selector@0.1.6: {}

  postcss-safe-parser@6.0.0(postcss@8.4.44):
    dependencies:
      postcss: 8.4.44

  postcss-safe-parser@7.0.0(postcss@8.4.44):
    dependencies:
      postcss: 8.4.44

  postcss-scss@4.0.9(postcss@8.4.44):
    dependencies:
      postcss: 8.4.44

  postcss-selector-parser@6.1.2:
    dependencies:
      cssesc: 3.0.0
      util-deprecate: 1.0.2

  postcss-sorting@8.0.2(postcss@8.4.44):
    dependencies:
      postcss: 8.4.44

  postcss-value-parser@4.2.0: {}

  postcss@8.4.44:
    dependencies:
      nanoid: 3.3.7
      picocolors: 1.1.0
      source-map-js: 1.2.0

  queue-microtask@1.2.3: {}

  require-from-string@2.0.2: {}

  resolve-from@4.0.0: {}

  resolve-from@5.0.0: {}

  reusify@1.0.4: {}

  run-parallel@1.2.0:
    dependencies:
      queue-microtask: 1.2.3

  semver@7.6.3: {}

  signal-exit@4.1.0: {}

  slash@3.0.0: {}

  slice-ansi@4.0.0:
    dependencies:
      ansi-styles: 4.3.0
      astral-regex: 2.0.0
      is-fullwidth-code-point: 3.0.0

  source-map-js@1.2.0: {}

  string-width@4.2.3:
    dependencies:
      emoji-regex: 8.0.0
      is-fullwidth-code-point: 3.0.0
      strip-ansi: 6.0.1

  strip-ansi@6.0.1:
    dependencies:
      ansi-regex: 5.0.1

  strip-ansi@7.1.0:
    dependencies:
      ansi-regex: 6.0.1

  stylelint-config-html@1.1.0(postcss-html@1.7.0)(stylelint@16.9.0(typescript@5.5.4)):
    dependencies:
      postcss-html: 1.7.0
      stylelint: 16.9.0(typescript@5.5.4)

  stylelint-config-recess-order@5.1.0(stylelint@16.9.0(typescript@5.5.4)):
    dependencies:
      stylelint: 16.9.0(typescript@5.5.4)
      stylelint-order: 6.0.4(stylelint@16.9.0(typescript@5.5.4))

  stylelint-config-recommended-scss@14.1.0(postcss@8.4.44)(stylelint@16.9.0(typescript@5.5.4)):
    dependencies:
      postcss-scss: 4.0.9(postcss@8.4.44)
      stylelint: 16.9.0(typescript@5.5.4)
      stylelint-config-recommended: 14.0.1(stylelint@16.9.0(typescript@5.5.4))
      stylelint-scss: 6.5.1(stylelint@16.9.0(typescript@5.5.4))
    optionalDependencies:
      postcss: 8.4.44

  stylelint-config-recommended-vue@1.5.0(postcss-html@1.7.0)(stylelint@16.9.0(typescript@5.5.4)):
    dependencies:
      postcss-html: 1.7.0
      semver: 7.6.3
      stylelint: 16.9.0(typescript@5.5.4)
      stylelint-config-html: 1.1.0(postcss-html@1.7.0)(stylelint@16.9.0(typescript@5.5.4))
      stylelint-config-recommended: 14.0.1(stylelint@16.9.0(typescript@5.5.4))

  stylelint-config-recommended@14.0.1(stylelint@16.9.0(typescript@5.5.4)):
    dependencies:
      stylelint: 16.9.0(typescript@5.5.4)

  stylelint-config-standard-scss@13.1.0(postcss@8.4.44)(stylelint@16.9.0(typescript@5.5.4)):
    dependencies:
      stylelint: 16.9.0(typescript@5.5.4)
      stylelint-config-recommended-scss: 14.1.0(postcss@8.4.44)(stylelint@16.9.0(typescript@5.5.4))
      stylelint-config-standard: 36.0.1(stylelint@16.9.0(typescript@5.5.4))
    optionalDependencies:
      postcss: 8.4.44

  stylelint-config-standard@36.0.1(stylelint@16.9.0(typescript@5.5.4)):
    dependencies:
      stylelint: 16.9.0(typescript@5.5.4)
      stylelint-config-recommended: 14.0.1(stylelint@16.9.0(typescript@5.5.4))

  stylelint-order@6.0.4(stylelint@16.9.0(typescript@5.5.4)):
    dependencies:
      postcss: 8.4.44
      postcss-sorting: 8.0.2(postcss@8.4.44)
      stylelint: 16.9.0(typescript@5.5.4)

  stylelint-scss@6.5.1(stylelint@16.9.0(typescript@5.5.4)):
    dependencies:
      css-tree: 2.3.1
      is-plain-object: 5.0.0
      known-css-properties: 0.34.0
      postcss-media-query-parser: 0.2.3
      postcss-resolve-nested-selector: 0.1.6
      postcss-selector-parser: 6.1.2
      postcss-value-parser: 4.2.0
      stylelint: 16.9.0(typescript@5.5.4)

  stylelint@16.9.0(typescript@5.5.4):
    dependencies:
      '@csstools/css-parser-algorithms': 3.0.1(@csstools/css-tokenizer@3.0.1)
      '@csstools/css-tokenizer': 3.0.1
      '@csstools/media-query-list-parser': 3.0.1(@csstools/css-parser-algorithms@3.0.1(@csstools/css-tokenizer@3.0.1))(@csstools/css-tokenizer@3.0.1)
      '@csstools/selector-specificity': 4.0.0(postcss-selector-parser@6.1.2)
      '@dual-bundle/import-meta-resolve': 4.1.0
      balanced-match: 2.0.0
      colord: 2.9.3
      cosmiconfig: 9.0.0(typescript@5.5.4)
      css-functions-list: 3.2.2
      css-tree: 2.3.1
      debug: 4.3.6
      fast-glob: 3.3.2
      fastest-levenshtein: 1.0.16
      file-entry-cache: 9.1.0
      global-modules: 2.0.0
      globby: 11.1.0
      globjoin: 0.1.4
      html-tags: 3.3.1
      ignore: 5.3.2
      imurmurhash: 0.1.4
      is-plain-object: 5.0.0
      known-css-properties: 0.34.0
      mathml-tag-names: 2.1.3
      meow: 13.2.0
      micromatch: 4.0.8
      normalize-path: 3.0.0
      picocolors: 1.1.0
      postcss: 8.4.44
      postcss-resolve-nested-selector: 0.1.6
      postcss-safe-parser: 7.0.0(postcss@8.4.44)
      postcss-selector-parser: 6.1.2
      postcss-value-parser: 4.2.0
      resolve-from: 5.0.0
      string-width: 4.2.3
      strip-ansi: 7.1.0
      supports-hyperlinks: 3.1.0
      svg-tags: 1.0.0
      table: 6.8.2
      write-file-atomic: 5.0.1
    transitivePeerDependencies:
      - supports-color
      - typescript

  supports-color@5.5.0:
    dependencies:
      has-flag: 3.0.0

  supports-color@7.2.0:
    dependencies:
      has-flag: 4.0.0

  supports-hyperlinks@3.1.0:
    dependencies:
      has-flag: 4.0.0
      supports-color: 7.2.0

  svg-tags@1.0.0: {}

  table@6.8.2:
    dependencies:
      ajv: 8.17.1
      lodash.truncate: 4.4.2
      slice-ansi: 4.0.0
      string-width: 4.2.3
      strip-ansi: 6.0.1

  to-regex-range@5.0.1:
    dependencies:
      is-number: 7.0.0

  typescript@5.5.4: {}

  undici-types@6.19.8: {}

  util-deprecate@1.0.2: {}

  which@1.3.1:
    dependencies:
      isexe: 2.0.0

  write-file-atomic@5.0.1:
    dependencies:
      imurmurhash: 0.1.4
      signal-exit: 4.1.0
