
Microsoft Visual Studio Solution File, Format Version 12.00
# Visual Studio Version 17
VisualStudioVersion = 17.7.34202.233
MinimumVisualStudioVersion = 10.0.40219.1
Project("{FAE04EC0-301F-11D3-BF4B-00C04F79EFBC}") = "NativeQuery", "NativeQuery\NativeQuery.csproj", "{EDAE50A9-7CB8-4683-8630-BC016C524410}"
EndProject
Project("{FAE04EC0-301F-11D3-BF4B-00C04F79EFBC}") = "NativeQueryWithReqID", "NativeQueryWithReqID\NativeQueryWithReqID.csproj", "{412BDD41-0BDA-4E70-9F5C-D53943927FF0}"
EndProject
Project("{FAE04EC0-301F-11D3-BF4B-00C04F79EFBC}") = "NativeStmt", "NativeStmt\NativeStmt.csproj", "{549645EF-6041-41A5-A59C-79B79F104DCE}"
EndProject
Project("{FAE04EC0-301F-11D3-BF4B-00C04F79EFBC}") = "NativeSchemaless", "NativeSchemaless\NativeSchemaless.csproj", "{66E42B31-B8C2-42A4-93E5-44640200C42C}"
EndProject
Project("{FAE04EC0-301F-11D3-BF4B-00C04F79EFBC}") = "WSQuery", "WSQuery\WSQuery.csproj", "{18396378-750F-4053-8583-19DDE669BDDA}"
EndProject
Project("{FAE04EC0-301F-11D3-BF4B-00C04F79EFBC}") = "WSQueryWithReqID", "WSQueryWithReqID\WSQueryWithReqID.csproj", "{D321601E-1DC4-4628-8BE4-9DD05233D60B}"
EndProject
Project("{FAE04EC0-301F-11D3-BF4B-00C04F79EFBC}") = "WSSchemaless", "WSSchemaless\WSSchemaless.csproj", "{DB996903-9121-4A35-B994-9AA8ED475E47}"
EndProject
Project("{FAE04EC0-301F-11D3-BF4B-00C04F79EFBC}") = "WSStmt", "WSStmt\WSStmt.csproj", "{54F4CCBA-58EE-45D6-802A-4A6C0E55D144}"
EndProject
Project("{FAE04EC0-301F-11D3-BF4B-00C04F79EFBC}") = "NativeSubscription", "NativeSubscription\NativeSubscription.csproj", "{A6650070-BF1A-4EFC-B344-E35D115AEA13}"
EndProject
Project("{FAE04EC0-301F-11D3-BF4B-00C04F79EFBC}") = "WSSubscription", "WSSubscription\WSSubscription.csproj", "{AD0D5FE4-75A5-40C3-8E2D-9254679D135B}"
EndProject
Project("{FAE04EC0-301F-11D3-BF4B-00C04F79EFBC}") = "NativeSeek", "NativeSeek\NativeSeek.csproj", "{59F8A094-A796-4394-943B-FEAEAF4FB895}"
EndProject
Project("{FAE04EC0-301F-11D3-BF4B-00C04F79EFBC}") = "WSSeek", "WSSeek\WSSeek.csproj", "{E945F882-95E1-4CE2-B689-6B859126ACD3}"
EndProject
Project("{FAE04EC0-301F-11D3-BF4B-00C04F79EFBC}") = "NativeADO", "NativeADO\NativeADO.csproj", "{A2877121-FFAD-4839-8BC2-982178A4E68C}"
EndProject
Project("{FAE04EC0-301F-11D3-BF4B-00C04F79EFBC}") = "WSADO", "WSADO\WSADO.csproj", "{15661804-01BB-4F4B-AD37-3B21234A5325}"
EndProject
Project("{FAE04EC0-301F-11D3-BF4B-00C04F79EFBC}") = "NativeObjectDeserialize", "NativeObjectDeserialize\NativeObjectDeserialize.csproj", "{2A03E53A-8999-4FAB-A32E-ECB9BEC0C82A}"
EndProject
Project("{FAE04EC0-301F-11D3-BF4B-00C04F79EFBC}") = "WSObjectDeserialize", "WSObjectDeserialize\WSObjectDeserialize.csproj", "{BE6ADFD4-DE57-4F98-8656-F710ED6D7A04}"
EndProject
Project("{FAE04EC0-301F-11D3-BF4B-00C04F79EFBC}") = "WindowsFormsApp4.8", "WindowsFormsApp4.8\WindowsFormsApp4.8.csproj", "{3002B815-EBD4-446D-B572-7212849EFF61}"
EndProject
Project("{FAE04EC0-301F-11D3-BF4B-00C04F79EFBC}") = "AllTypeQuery", "AllTypeQuery\AllTypeQuery.csproj", "{5B2928A5-2688-4506-BFFB-3453C8E71861}"
EndProject
Project("{FAE04EC0-301F-11D3-BF4B-00C04F79EFBC}") = "AllTypeStmt", "AllTypeStmt\AllTypeStmt.csproj", "{2FAFA322-4007-4ACC-95DB-5BAEAB3D0A5F}"
EndProject
Project("{FAE04EC0-301F-11D3-BF4B-00C04F79EFBC}") = "WSFailoverQuery", "WSFailoverQuery\WSFailoverQuery.csproj", "{7A3E1A89-5D3F-4A53-A666-2F3A39D6A441}"
EndProject
Project("{FAE04EC0-301F-11D3-BF4B-00C04F79EFBC}") = "WSFailoverPoll", "WSFailoverPoll\WSFailoverPoll.csproj", "{0C1D1FD2-8D8D-42AA-8E93-BCF7E645CD0D}"
EndProject
Global
	GlobalSection(SolutionConfigurationPlatforms) = preSolution
		Debug|Any CPU = Debug|Any CPU
		Release|Any CPU = Release|Any CPU
	EndGlobalSection
	GlobalSection(ProjectConfigurationPlatforms) = postSolution
		{EDAE50A9-7CB8-4683-8630-BC016C524410}.Debug|Any CPU.ActiveCfg = Debug|Any CPU
		{EDAE50A9-7CB8-4683-8630-BC016C524410}.Debug|Any CPU.Build.0 = Debug|Any CPU
		{EDAE50A9-7CB8-4683-8630-BC016C524410}.Release|Any CPU.ActiveCfg = Release|Any CPU
		{EDAE50A9-7CB8-4683-8630-BC016C524410}.Release|Any CPU.Build.0 = Release|Any CPU
		{412BDD41-0BDA-4E70-9F5C-D53943927FF0}.Debug|Any CPU.ActiveCfg = Debug|Any CPU
		{412BDD41-0BDA-4E70-9F5C-D53943927FF0}.Debug|Any CPU.Build.0 = Debug|Any CPU
		{412BDD41-0BDA-4E70-9F5C-D53943927FF0}.Release|Any CPU.ActiveCfg = Release|Any CPU
		{412BDD41-0BDA-4E70-9F5C-D53943927FF0}.Release|Any CPU.Build.0 = Release|Any CPU
		{549645EF-6041-41A5-A59C-79B79F104DCE}.Debug|Any CPU.ActiveCfg = Debug|Any CPU
		{549645EF-6041-41A5-A59C-79B79F104DCE}.Debug|Any CPU.Build.0 = Debug|Any CPU
		{549645EF-6041-41A5-A59C-79B79F104DCE}.Release|Any CPU.ActiveCfg = Release|Any CPU
		{549645EF-6041-41A5-A59C-79B79F104DCE}.Release|Any CPU.Build.0 = Release|Any CPU
		{66E42B31-B8C2-42A4-93E5-44640200C42C}.Debug|Any CPU.ActiveCfg = Debug|Any CPU
		{66E42B31-B8C2-42A4-93E5-44640200C42C}.Debug|Any CPU.Build.0 = Debug|Any CPU
		{66E42B31-B8C2-42A4-93E5-44640200C42C}.Release|Any CPU.ActiveCfg = Release|Any CPU
		{66E42B31-B8C2-42A4-93E5-44640200C42C}.Release|Any CPU.Build.0 = Release|Any CPU
		{18396378-750F-4053-8583-19DDE669BDDA}.Debug|Any CPU.ActiveCfg = Debug|Any CPU
		{18396378-750F-4053-8583-19DDE669BDDA}.Debug|Any CPU.Build.0 = Debug|Any CPU
		{18396378-750F-4053-8583-19DDE669BDDA}.Release|Any CPU.ActiveCfg = Release|Any CPU
		{18396378-750F-4053-8583-19DDE669BDDA}.Release|Any CPU.Build.0 = Release|Any CPU
		{D321601E-1DC4-4628-8BE4-9DD05233D60B}.Debug|Any CPU.ActiveCfg = Debug|Any CPU
		{D321601E-1DC4-4628-8BE4-9DD05233D60B}.Debug|Any CPU.Build.0 = Debug|Any CPU
		{D321601E-1DC4-4628-8BE4-9DD05233D60B}.Release|Any CPU.ActiveCfg = Release|Any CPU
		{D321601E-1DC4-4628-8BE4-9DD05233D60B}.Release|Any CPU.Build.0 = Release|Any CPU
		{DB996903-9121-4A35-B994-9AA8ED475E47}.Debug|Any CPU.ActiveCfg = Debug|Any CPU
		{DB996903-9121-4A35-B994-9AA8ED475E47}.Debug|Any CPU.Build.0 = Debug|Any CPU
		{DB996903-9121-4A35-B994-9AA8ED475E47}.Release|Any CPU.ActiveCfg = Release|Any CPU
		{DB996903-9121-4A35-B994-9AA8ED475E47}.Release|Any CPU.Build.0 = Release|Any CPU
		{54F4CCBA-58EE-45D6-802A-4A6C0E55D144}.Debug|Any CPU.ActiveCfg = Debug|Any CPU
		{54F4CCBA-58EE-45D6-802A-4A6C0E55D144}.Debug|Any CPU.Build.0 = Debug|Any CPU
		{54F4CCBA-58EE-45D6-802A-4A6C0E55D144}.Release|Any CPU.ActiveCfg = Release|Any CPU
		{54F4CCBA-58EE-45D6-802A-4A6C0E55D144}.Release|Any CPU.Build.0 = Release|Any CPU
		{A6650070-BF1A-4EFC-B344-E35D115AEA13}.Debug|Any CPU.ActiveCfg = Debug|Any CPU
		{A6650070-BF1A-4EFC-B344-E35D115AEA13}.Debug|Any CPU.Build.0 = Debug|Any CPU
		{A6650070-BF1A-4EFC-B344-E35D115AEA13}.Release|Any CPU.ActiveCfg = Release|Any CPU
		{A6650070-BF1A-4EFC-B344-E35D115AEA13}.Release|Any CPU.Build.0 = Release|Any CPU
		{AD0D5FE4-75A5-40C3-8E2D-9254679D135B}.Debug|Any CPU.ActiveCfg = Debug|Any CPU
		{AD0D5FE4-75A5-40C3-8E2D-9254679D135B}.Debug|Any CPU.Build.0 = Debug|Any CPU
		{AD0D5FE4-75A5-40C3-8E2D-9254679D135B}.Release|Any CPU.ActiveCfg = Release|Any CPU
		{AD0D5FE4-75A5-40C3-8E2D-9254679D135B}.Release|Any CPU.Build.0 = Release|Any CPU
		{59F8A094-A796-4394-943B-FEAEAF4FB895}.Debug|Any CPU.ActiveCfg = Debug|Any CPU
		{59F8A094-A796-4394-943B-FEAEAF4FB895}.Debug|Any CPU.Build.0 = Debug|Any CPU
		{59F8A094-A796-4394-943B-FEAEAF4FB895}.Release|Any CPU.ActiveCfg = Release|Any CPU
		{59F8A094-A796-4394-943B-FEAEAF4FB895}.Release|Any CPU.Build.0 = Release|Any CPU
		{E945F882-95E1-4CE2-B689-6B859126ACD3}.Debug|Any CPU.ActiveCfg = Debug|Any CPU
		{E945F882-95E1-4CE2-B689-6B859126ACD3}.Debug|Any CPU.Build.0 = Debug|Any CPU
		{E945F882-95E1-4CE2-B689-6B859126ACD3}.Release|Any CPU.ActiveCfg = Release|Any CPU
		{E945F882-95E1-4CE2-B689-6B859126ACD3}.Release|Any CPU.Build.0 = Release|Any CPU
		{A2877121-FFAD-4839-8BC2-982178A4E68C}.Debug|Any CPU.ActiveCfg = Debug|Any CPU
		{A2877121-FFAD-4839-8BC2-982178A4E68C}.Debug|Any CPU.Build.0 = Debug|Any CPU
		{A2877121-FFAD-4839-8BC2-982178A4E68C}.Release|Any CPU.ActiveCfg = Release|Any CPU
		{A2877121-FFAD-4839-8BC2-982178A4E68C}.Release|Any CPU.Build.0 = Release|Any CPU
		{15661804-01BB-4F4B-AD37-3B21234A5325}.Debug|Any CPU.ActiveCfg = Debug|Any CPU
		{15661804-01BB-4F4B-AD37-3B21234A5325}.Debug|Any CPU.Build.0 = Debug|Any CPU
		{15661804-01BB-4F4B-AD37-3B21234A5325}.Release|Any CPU.ActiveCfg = Release|Any CPU
		{15661804-01BB-4F4B-AD37-3B21234A5325}.Release|Any CPU.Build.0 = Release|Any CPU
		{2A03E53A-8999-4FAB-A32E-ECB9BEC0C82A}.Debug|Any CPU.ActiveCfg = Debug|Any CPU
		{2A03E53A-8999-4FAB-A32E-ECB9BEC0C82A}.Debug|Any CPU.Build.0 = Debug|Any CPU
		{2A03E53A-8999-4FAB-A32E-ECB9BEC0C82A}.Release|Any CPU.ActiveCfg = Release|Any CPU
		{2A03E53A-8999-4FAB-A32E-ECB9BEC0C82A}.Release|Any CPU.Build.0 = Release|Any CPU
		{BE6ADFD4-DE57-4F98-8656-F710ED6D7A04}.Debug|Any CPU.ActiveCfg = Debug|Any CPU
		{BE6ADFD4-DE57-4F98-8656-F710ED6D7A04}.Debug|Any CPU.Build.0 = Debug|Any CPU
		{BE6ADFD4-DE57-4F98-8656-F710ED6D7A04}.Release|Any CPU.ActiveCfg = Release|Any CPU
		{BE6ADFD4-DE57-4F98-8656-F710ED6D7A04}.Release|Any CPU.Build.0 = Release|Any CPU
		{3002B815-EBD4-446D-B572-7212849EFF61}.Debug|Any CPU.ActiveCfg = Debug|Any CPU
		{3002B815-EBD4-446D-B572-7212849EFF61}.Debug|Any CPU.Build.0 = Debug|Any CPU
		{3002B815-EBD4-446D-B572-7212849EFF61}.Release|Any CPU.ActiveCfg = Release|Any CPU
		{3002B815-EBD4-446D-B572-7212849EFF61}.Release|Any CPU.Build.0 = Release|Any CPU
		{5B2928A5-2688-4506-BFFB-3453C8E71861}.Debug|Any CPU.ActiveCfg = Debug|Any CPU
		{5B2928A5-2688-4506-BFFB-3453C8E71861}.Debug|Any CPU.Build.0 = Debug|Any CPU
		{5B2928A5-2688-4506-BFFB-3453C8E71861}.Release|Any CPU.ActiveCfg = Release|Any CPU
		{5B2928A5-2688-4506-BFFB-3453C8E71861}.Release|Any CPU.Build.0 = Release|Any CPU
		{2FAFA322-4007-4ACC-95DB-5BAEAB3D0A5F}.Debug|Any CPU.ActiveCfg = Debug|Any CPU
		{2FAFA322-4007-4ACC-95DB-5BAEAB3D0A5F}.Debug|Any CPU.Build.0 = Debug|Any CPU
		{2FAFA322-4007-4ACC-95DB-5BAEAB3D0A5F}.Release|Any CPU.ActiveCfg = Release|Any CPU
		{2FAFA322-4007-4ACC-95DB-5BAEAB3D0A5F}.Release|Any CPU.Build.0 = Release|Any CPU
		{7A3E1A89-5D3F-4A53-A666-2F3A39D6A441}.Debug|Any CPU.ActiveCfg = Debug|Any CPU
		{7A3E1A89-5D3F-4A53-A666-2F3A39D6A441}.Debug|Any CPU.Build.0 = Debug|Any CPU
		{7A3E1A89-5D3F-4A53-A666-2F3A39D6A441}.Release|Any CPU.ActiveCfg = Release|Any CPU
		{7A3E1A89-5D3F-4A53-A666-2F3A39D6A441}.Release|Any CPU.Build.0 = Release|Any CPU
		{0C1D1FD2-8D8D-42AA-8E93-BCF7E645CD0D}.Debug|Any CPU.ActiveCfg = Debug|Any CPU
		{0C1D1FD2-8D8D-42AA-8E93-BCF7E645CD0D}.Debug|Any CPU.Build.0 = Debug|Any CPU
		{0C1D1FD2-8D8D-42AA-8E93-BCF7E645CD0D}.Release|Any CPU.ActiveCfg = Release|Any CPU
		{0C1D1FD2-8D8D-42AA-8E93-BCF7E645CD0D}.Release|Any CPU.Build.0 = Release|Any CPU
	EndGlobalSection
	GlobalSection(SolutionProperties) = preSolution
		HideSolutionNode = FALSE
	EndGlobalSection
EndGlobal
