
Microsoft Visual Studio Solution File, Format Version 12.00
# Visual Studio Version 16
VisualStudioVersion = 16.0.33130.400
MinimumVisualStudioVersion = 10.0.40219.1
Project("{FAE04EC0-301F-11D3-BF4B-00C04F79EFBC}") = "TDPIConnector.Service", "TDPIConnector.Service\TDPIConnector.Service.csproj", "{38DC9CC7-FE7D-4CDF-AD35-F31F7962269C}"
EndProject
Project("{FAE04EC0-301F-11D3-BF4B-00C04F79EFBC}") = "TDPIConnector.Core", "TDPIConnector.Core\TDPIConnector.Core.csproj", "{D961C45E-3BCE-450D-9A72-0E8CA5C4EFEC}"
EndProject
Project("{FAE04EC0-301F-11D3-BF4B-00C04F79EFBC}") = "TDPIConnector.PI", "TDPIConnector.PI\TDPIConnector.PI.csproj", "{EEA4FCED-08F4-46D7-8164-642613A095EC}"
EndProject
Project("{54435603-DBB4-11D2-8724-00A0C9A8B90C}") = "TDPIConnector.Setup", "TDPIConnector.Setup\TDPIConnector.Setup.vdproj", "{76C3EE37-15C0-4776-A00F-83B45CCF50B5}"
EndProject
Project("{FAE04EC0-301F-11D3-BF4B-00C04F79EFBC}") = "TDPIConnector.TDEngine", "TDPIConnector.TDEngine\TDPIConnector.TDEngine.csproj", "{9A5ED5D0-7174-451A-8C05-762E4198294C}"
EndProject
Project("{FAE04EC0-301F-11D3-BF4B-00C04F79EFBC}") = "TDPIConnector.CsvPointBuilder", "TDPIConnector.CsvPointBuilder\TDPIConnector.CsvPointBuilder.csproj", "{22EC6C37-9FE8-4269-B7EC-1F7520A503C1}"
EndProject
Project("{FAE04EC0-301F-11D3-BF4B-00C04F79EFBC}") = "TDBackfill", "TDBackfill\TDBackfill.csproj", "{07CC0037-853B-4417-B42D-C3A211F77FB5}"
EndProject
Project("{FAE04EC0-301F-11D3-BF4B-00C04F79EFBC}") = "taosx-pi-simulator", "taosx-pi-simulator\taosx-pi-simulator.csproj", "{4CD1097B-F6DC-41FE-B4FC-1391390EC887}"
	ProjectSection(ProjectDependencies) = postProject
		{75D82933-AF9E-4135-B0B6-C968E2CD693E} = {75D82933-AF9E-4135-B0B6-C968E2CD693E}
	EndProjectSection
EndProject
Project("{FAE04EC0-301F-11D3-BF4B-00C04F79EFBC}") = "TDPIConnector.PI2", "TDPIConnector.PI2\TDPIConnector.PI2.csproj", "{75D82933-AF9E-4135-B0B6-C968E2CD693E}"
EndProject
Global
	GlobalSection(SolutionConfigurationPlatforms) = preSolution
		Debug|Any CPU = Debug|Any CPU
		Release|Any CPU = Release|Any CPU
	EndGlobalSection
	GlobalSection(ProjectConfigurationPlatforms) = postSolution
		{38DC9CC7-FE7D-4CDF-AD35-F31F7962269C}.Debug|Any CPU.ActiveCfg = Debug|Any CPU
		{38DC9CC7-FE7D-4CDF-AD35-F31F7962269C}.Debug|Any CPU.Build.0 = Debug|Any CPU
		{38DC9CC7-FE7D-4CDF-AD35-F31F7962269C}.Release|Any CPU.ActiveCfg = Release|Any CPU
		{38DC9CC7-FE7D-4CDF-AD35-F31F7962269C}.Release|Any CPU.Build.0 = Release|Any CPU
		{D961C45E-3BCE-450D-9A72-0E8CA5C4EFEC}.Debug|Any CPU.ActiveCfg = Debug|Any CPU
		{D961C45E-3BCE-450D-9A72-0E8CA5C4EFEC}.Debug|Any CPU.Build.0 = Debug|Any CPU
		{D961C45E-3BCE-450D-9A72-0E8CA5C4EFEC}.Release|Any CPU.ActiveCfg = Release|Any CPU
		{D961C45E-3BCE-450D-9A72-0E8CA5C4EFEC}.Release|Any CPU.Build.0 = Release|Any CPU
		{EEA4FCED-08F4-46D7-8164-642613A095EC}.Debug|Any CPU.ActiveCfg = Debug|Any CPU
		{EEA4FCED-08F4-46D7-8164-642613A095EC}.Debug|Any CPU.Build.0 = Debug|Any CPU
		{EEA4FCED-08F4-46D7-8164-642613A095EC}.Release|Any CPU.ActiveCfg = Release|Any CPU
		{EEA4FCED-08F4-46D7-8164-642613A095EC}.Release|Any CPU.Build.0 = Release|Any CPU
		{76C3EE37-15C0-4776-A00F-83B45CCF50B5}.Debug|Any CPU.ActiveCfg = Debug
		{76C3EE37-15C0-4776-A00F-83B45CCF50B5}.Release|Any CPU.ActiveCfg = Release
		{9A5ED5D0-7174-451A-8C05-762E4198294C}.Debug|Any CPU.ActiveCfg = Debug|Any CPU
		{9A5ED5D0-7174-451A-8C05-762E4198294C}.Debug|Any CPU.Build.0 = Debug|Any CPU
		{9A5ED5D0-7174-451A-8C05-762E4198294C}.Release|Any CPU.ActiveCfg = Release|Any CPU
		{9A5ED5D0-7174-451A-8C05-762E4198294C}.Release|Any CPU.Build.0 = Release|Any CPU
		{22EC6C37-9FE8-4269-B7EC-1F7520A503C1}.Debug|Any CPU.ActiveCfg = Debug|Any CPU
		{22EC6C37-9FE8-4269-B7EC-1F7520A503C1}.Debug|Any CPU.Build.0 = Debug|Any CPU
		{22EC6C37-9FE8-4269-B7EC-1F7520A503C1}.Release|Any CPU.ActiveCfg = Release|Any CPU
		{22EC6C37-9FE8-4269-B7EC-1F7520A503C1}.Release|Any CPU.Build.0 = Release|Any CPU
		{07CC0037-853B-4417-B42D-C3A211F77FB5}.Debug|Any CPU.ActiveCfg = Debug|Any CPU
		{07CC0037-853B-4417-B42D-C3A211F77FB5}.Debug|Any CPU.Build.0 = Debug|Any CPU
		{07CC0037-853B-4417-B42D-C3A211F77FB5}.Release|Any CPU.ActiveCfg = Release|Any CPU
		{07CC0037-853B-4417-B42D-C3A211F77FB5}.Release|Any CPU.Build.0 = Release|Any CPU
		{4CD1097B-F6DC-41FE-B4FC-1391390EC887}.Debug|Any CPU.ActiveCfg = Debug|Any CPU
		{4CD1097B-F6DC-41FE-B4FC-1391390EC887}.Debug|Any CPU.Build.0 = Debug|Any CPU
		{4CD1097B-F6DC-41FE-B4FC-1391390EC887}.Release|Any CPU.ActiveCfg = Release|Any CPU
		{4CD1097B-F6DC-41FE-B4FC-1391390EC887}.Release|Any CPU.Build.0 = Release|Any CPU
		{75D82933-AF9E-4135-B0B6-C968E2CD693E}.Debug|Any CPU.ActiveCfg = Debug|Any CPU
		{75D82933-AF9E-4135-B0B6-C968E2CD693E}.Debug|Any CPU.Build.0 = Debug|Any CPU
		{75D82933-AF9E-4135-B0B6-C968E2CD693E}.Release|Any CPU.ActiveCfg = Release|Any CPU
		{75D82933-AF9E-4135-B0B6-C968E2CD693E}.Release|Any CPU.Build.0 = Release|Any CPU
	EndGlobalSection
	GlobalSection(SolutionProperties) = preSolution
		HideSolutionNode = FALSE
	EndGlobalSection
	GlobalSection(ExtensibilityGlobals) = postSolution
		SolutionGuid = {1DA80020-920D-4202-B712-1E508054980F}
	EndGlobalSection
EndGlobal
